
Microsoft Visual Studio Solution File, Format Version 12.00
# Visual Studio Version 17
VisualStudioVersion = 17.10.35013.160
MinimumVisualStudioVersion = 10.0.40219.1
Project("{FAE04EC0-301F-11D3-BF4B-00C04F79EFBC}") = "TheatreImage.API", "TheatreImage.API\TheatreImage.API.csproj", "{FAD63B85-94C1-4BB5-89DE-30FDD76E25DF}"
EndProject
Project("{FAE04EC0-301F-11D3-BF4B-00C04F79EFBC}") = "ImageTheatre.Data", "ImageTheatre.Data\ImageTheatre.Data.csproj", "{6CDFC5AF-B2DD-4893-BA5D-5FD180512904}"
EndProject
Global
	GlobalSection(SolutionConfigurationPlatforms) = preSolution
		Debug|Any CPU = Debug|Any CPU
		Release|Any CPU = Release|Any CPU
	EndGlobalSection
	GlobalSection(ProjectConfigurationPlatforms) = postSolution
		{FAD63B85-94C1-4BB5-89DE-30FDD76E25DF}.Debug|Any CPU.ActiveCfg = Debug|Any CPU
		{FAD63B85-94C1-4BB5-89DE-30FDD76E25DF}.Debug|Any CPU.Build.0 = Debug|Any CPU
		{FAD63B85-94C1-4BB5-89DE-30FDD76E25DF}.Release|Any CPU.ActiveCfg = Release|Any CPU
		{FAD63B85-94C1-4BB5-89DE-30FDD76E25DF}.Release|Any CPU.Build.0 = Release|Any CPU
		{6CDFC5AF-B2DD-4893-BA5D-5FD180512904}.Debug|Any CPU.ActiveCfg = Debug|Any CPU
		{6CDFC5AF-B2DD-4893-BA5D-5FD180512904}.Debug|Any CPU.Build.0 = Debug|Any CPU
		{6CDFC5AF-B2DD-4893-BA5D-5FD180512904}.Release|Any CPU.ActiveCfg = Release|Any CPU
		{6CDFC5AF-B2DD-4893-BA5D-5FD180512904}.Release|Any CPU.Build.0 = Release|Any CPU
	EndGlobalSection
	GlobalSection(SolutionProperties) = preSolution
		HideSolutionNode = FALSE
	EndGlobalSection
	GlobalSection(ExtensibilityGlobals) = postSolution
		SolutionGuid = {F93A4E64-BA87-4C01-A2AF-EED32D1F0D16}
	EndGlobalSection
EndGlobal
